// !$*UTF8*$!
{
	archiveVersion = 1;
	classes = {
	};
	objectVersion = 55;
	objects = {

/* Begin PBXBuildFile section */
		117768D627C4C49C0001B049 /* Data_and_Time_Picker_UseofApp.swift in Sources */ = {isa = PBXBuildFile; fileRef = 117768D527C4C49C0001B049 /* Data_and_Time_Picker_UseofApp.swift */; };
		117768D827C4C49C0001B049 /* ContentView.swift in Sources */ = {isa = PBXBuildFile; fileRef = 117768D727C4C49C0001B049 /* ContentView.swift */; };
		117768DA27C4C49E0001B049 /* Assets.xcassets in Resources */ = {isa = PBXBuildFile; fileRef = 117768D927C4C49E0001B049 /* Assets.xcassets */; };
		117768DD27C4C49E0001B049 /* Preview Assets.xcassets in Resources */ = {isa = PBXBuildFile; fileRef = 117768DC27C4C49E0001B049 /* Preview Assets.xcassets */; };
		117768E727C4C49E0001B049 /* Data_and_Time_Picker_UseofTests.swift in Sources */ = {isa = PBXBuildFile; fileRef = 117768E627C4C49E0001B049 /* Data_and_Time_Picker_UseofTests.swift */; };
		117768F127C4C49E0001B049 /* Data_and_Time_Picker_UseofUITests.swift in Sources */ = {isa = PBXBuildFile; fileRef = 117768F027C4C49E0001B049 /* Data_and_Time_Picker_UseofUITests.swift */; };
		117768F327C4C49E0001B049 /* Data_and_Time_Picker_UseofUITestsLaunchTests.swift in Sources */ = {isa = PBXBuildFile; fileRef = 117768F227C4C49E0001B049 /* Data_and_Time_Picker_UseofUITestsLaunchTests.swift */; };
/* End PBXBuildFile section */

/* Begin PBXContainerItemProxy section */
		117768E327C4C49E0001B049 /* PBXContainerItemProxy */ = {
			isa = PBXContainerItemProxy;
			containerPortal = 117768CA27C4C49C0001B049 /* Project object */;
			proxyType = 1;
			remoteGlobalIDString = 117768D127C4C49C0001B049;
			remoteInfo = "Data and Time Picker Useof";
		};
		117768ED27C4C49E0001B049 /* PBXContainerItemProxy */ = {
			isa = PBXContainerItemProxy;
			containerPortal = 117768CA27C4C49C0001B049 /* Project object */;
			proxyType = 1;
			remoteGlobalIDString = 117768D127C4C49C0001B049;
			remoteInfo = "Data and Time Picker Useof";
		};
/* End PBXContainerItemProxy section */

/* Begin PBXFileReference section */
		117768D227C4C49C0001B049 /* Data and Time Picker Useof.app */ = {isa = PBXFileReference; explicitFileType = wrapper.application; includeInIndex = 0; path = "Data and Time Picker Useof.app"; sourceTree = BUILT_PRODUCTS_DIR; };
		117768D527C4C49C0001B049 /* Data_and_Time_Picker_UseofApp.swift */ = {isa = PBXFileReference; lastKnownFileType = sourcecode.swift; path = Data_and_Time_Picker_UseofApp.swift; sourceTree = "<group>"; };
		117768D727C4C49C0001B049 /* ContentView.swift */ = {isa = PBXFileReference; lastKnownFileType = sourcecode.swift; path = ContentView.swift; sourceTree = "<group>"; };
		117768D927C4C49E0001B049 /* Assets.xcassets */ = {isa = PBXFileReference; lastKnownFileType = folder.assetcatalog; path = Assets.xcassets; sourceTree = "<group>"; };
		117768DC27C4C49E0001B049 /* Preview Assets.xcassets */ = {isa = PBXFileReference; lastKnownFileType = folder.assetcatalog; path = "Preview Assets.xcassets"; sourceTree = "<group>"; };
		117768E227C4C49E0001B049 /* Data and Time Picker UseofTests.xctest */ = {isa = PBXFileReference; explicitFileType = wrapper.cfbundle; includeInIndex = 0; path = "Data and Time Picker UseofTests.xctest"; sourceTree = BUILT_PRODUCTS_DIR; };
		117768E627C4C49E0001B049 /* Data_and_Time_Picker_UseofTests.swift */ = {isa = PBXFileReference; lastKnownFileType = sourcecode.swift; path = Data_and_Time_Picker_UseofTests.swift; sourceTree = "<group>"; };
		117768EC27C4C49E0001B049 /* Data and Time Picker UseofUITests.xctest */ = {isa = PBXFileReference; explicitFileType = wrapper.cfbundle; includeInIndex = 0; path = "Data and Time Picker UseofUITests.xctest"; sourceTree = BUILT_PRODUCTS_DIR; };
		117768F027C4C49E0001B049 /* Data_and_Time_Picker_UseofUITests.swift */ = {isa = PBXFileReference; lastKnownFileType = sourcecode.swift; path = Data_and_Time_Picker_UseofUITests.swift; sourceTree = "<group>"; };
		117768F227C4C49E0001B049 /* Data_and_Time_Picker_UseofUITestsLaunchTests.swift */ = {isa = PBXFileReference; lastKnownFileType = sourcecode.swift; path = Data_and_Time_Picker_UseofUITestsLaunchTests.swift; sourceTree = "<group>"; };
/* End PBXFileReference section */

/* Begin PBXFrameworksBuildPhase section */
		117768CF27C4C49C0001B049 /* Frameworks */ = {
			isa = PBXFrameworksBuildPhase;
			buildActionMask = 2147483647;
			files = (
			);
			runOnlyForDeploymentPostprocessing = 0;
		};
		117768DF27C4C49E0001B049 /* Frameworks */ = {
			isa = PBXFrameworksBuildPhase;
			buildActionMask = 2147483647;
			files = (
			);
			runOnlyForDeploymentPostprocessing = 0;
		};
		117768E927C4C49E0001B049 /* Frameworks */ = {
			isa = PBXFrameworksBuildPhase;
			buildActionMask = 2147483647;
			files = (
			);
			runOnlyForDeploymentPostprocessing = 0;
		};
/* End PBXFrameworksBuildPhase section */

/* Begin PBXGroup section */
		117768C927C4C49C0001B049 = {
			isa = PBXGroup;
			children = (
				117768D427C4C49C0001B049 /* Data and Time Picker Useof */,
				117768E527C4C49E0001B049 /* Data and Time Picker UseofTests */,
				117768EF27C4C49E0001B049 /* Data and Time Picker UseofUITests */,
				117768D327C4C49C0001B049 /* Products */,
			);
			sourceTree = "<group>";
		};
		117768D327C4C49C0001B049 /* Products */ = {
			isa = PBXGroup;
			children = (
				117768D227C4C49C0001B049 /* Data and Time Picker Useof.app */,
				117768E227C4C49E0001B049 /* Data and Time Picker UseofTests.xctest */,
				117768EC27C4C49E0001B049 /* Data and Time Picker UseofUITests.xctest */,
			);
			name = Products;
			sourceTree = "<group>";
		};
		117768D427C4C49C0001B049 /* Data and Time Picker Useof */ = {
			isa = PBXGroup;
			children = (
				117768D527C4C49C0001B049 /* Data_and_Time_Picker_UseofApp.swift */,
				117768D727C4C49C0001B049 /* ContentView.swift */,
				117768D927C4C49E0001B049 /* Assets.xcassets */,
				117768DB27C4C49E0001B049 /* Preview Content */,
			);
			path = "Data and Time Picker Useof";
			sourceTree = "<group>";
		};
		117768DB27C4C49E0001B049 /* Preview Content */ = {
			isa = PBXGroup;
			children = (
				117768DC27C4C49E0001B049 /* Preview Assets.xcassets */,
			);
			path = "Preview Content";
			sourceTree = "<group>";
		};
		117768E527C4C49E0001B049 /* Data and Time Picker UseofTests */ = {
			isa = PBXGroup;
			children = (
				117768E627C4C49E0001B049 /* Data_and_Time_Picker_UseofTests.swift */,
			);
			path = "Data and Time Picker UseofTests";
			sourceTree = "<group>";
		};
		117768EF27C4C49E0001B049 /* Data and Time Picker UseofUITests */ = {
			isa = PBXGroup;
			children = (
				117768F027C4C49E0001B049 /* Data_and_Time_Picker_UseofUITests.swift */,
				117768F227C4C49E0001B049 /* Data_and_Time_Picker_UseofUITestsLaunchTests.swift */,
			);
			path = "Data and Time Picker UseofUITests";
			sourceTree = "<group>";
		};
/* End PBXGroup section */

/* Begin PBXNativeTarget section */
		117768D127C4C49C0001B049 /* Data and Time Picker Useof */ = {
			isa = PBXNativeTarget;
			buildConfigurationList = 117768F627C4C49E0001B049 /* Build configuration list for PBXNativeTarget "Data and Time Picker Useof" */;
			buildPhases = (
				117768CE27C4C49C0001B049 /* Sources */,
				117768CF27C4C49C0001B049 /* Frameworks */,
				117768D027C4C49C0001B049 /* Resources */,
			);
			buildRules = (
			);
			dependencies = (
			);
			name = "Data and Time Picker Useof";
			productName = "Data and Time Picker Useof";
			productReference = 117768D227C4C49C0001B049 /* Data and Time Picker Useof.app */;
			productType = "com.apple.product-type.application";
		};
		117768E127C4C49E0001B049 /* Data and Time Picker UseofTests */ = {
			isa = PBXNativeTarget;
			buildConfigurationList = 117768F927C4C49E0001B049 /* Build configuration list for PBXNativeTarget "Data and Time Picker UseofTests" */;
			buildPhases = (
				117768DE27C4C49E0001B049 /* Sources */,
				117768DF27C4C49E0001B049 /* Frameworks */,
				117768E027C4C49E0001B049 /* Resources */,
			);
			buildRules = (
			);
			dependencies = (
				117768E427C4C49E0001B049 /* PBXTargetDependency */,
			);
			name = "Data and Time Picker UseofTests";
			productName = "Data and Time Picker UseofTests";
			productReference = 117768E227C4C49E0001B049 /* Data and Time Picker UseofTests.xctest */;
			productType = "com.apple.product-type.bundle.unit-test";
		};
		117768EB27C4C49E0001B049 /* Data and Time Picker UseofUITests */ = {
			isa = PBXNativeTarget;
			buildConfigurationList = 117768FC27C4C49E0001B049 /* Build configuration list for PBXNativeTarget "Data and Time Picker UseofUITests" */;
			buildPhases = (
				117768E827C4C49E0001B049 /* Sources */,
				117768E927C4C49E0001B049 /* Frameworks */,
				117768EA27C4C49E0001B049 /* Resources */,
			);
			buildRules = (
			);
			dependencies = (
				117768EE27C4C49E0001B049 /* PBXTargetDependency */,
			);
			name = "Data and Time Picker UseofUITests";
			productName = "Data and Time Picker UseofUITests";
			productReference = 117768EC27C4C49E0001B049 /* Data and Time Picker UseofUITests.xctest */;
			productType = "com.apple.product-type.bundle.ui-testing";
		};
/* End PBXNativeTarget section */

/* Begin PBXProject section */
		117768CA27C4C49C0001B049 /* Project object */ = {
			isa = PBXProject;
			attributes = {
				BuildIndependentTargetsInParallel = 1;
				LastSwiftUpdateCheck = 1320;
				LastUpgradeCheck = 1320;
				TargetAttributes = {
					117768D127C4C49C0001B049 = {
						CreatedOnToolsVersion = 13.2.1;
					};
					117768E127C4C49E0001B049 = {
						CreatedOnToolsVersion = 13.2.1;
						TestTargetID = 117768D127C4C49C0001B049;
					};
					117768EB27C4C49E0001B049 = {
						CreatedOnToolsVersion = 13.2.1;
						TestTargetID = 117768D127C4C49C0001B049;
					};
				};
			};
			buildConfigurationList = 117768CD27C4C49C0001B049 /* Build configuration list for PBXProject "Data and Time Picker Useof" */;
			compatibilityVersion = "Xcode 13.0";
			developmentRegion = en;
			hasScannedForEncodings = 0;
			knownRegions = (
				en,
				Base,
			);
			mainGroup = 117768C927C4C49C0001B049;
			productRefGroup = 117768D327C4C49C0001B049 /* Products */;
			projectDirPath = "";
			projectRoot = "";
			targets = (
				117768D127C4C49C0001B049 /* Data and Time Picker Useof */,
				117768E127C4C49E0001B049 /* Data and Time Picker UseofTests */,
				117768EB27C4C49E0001B049 /* Data and Time Picker UseofUITests */,
			);
		};
/* End PBXProject section */

/* Begin PBXResourcesBuildPhase section */
		117768D027C4C49C0001B049 /* Resources */ = {
			isa = PBXResourcesBuildPhase;
			buildActionMask = 2147483647;
			files = (
				117768DD27C4C49E0001B049 /* Preview Assets.xcassets in Resources */,
				117768DA27C4C49E0001B049 /* Assets.xcassets in Resources */,
			);
			runOnlyForDeploymentPostprocessing = 0;
		};
		117768E027C4C49E0001B049 /* Resources */ = {
			isa = PBXResourcesBuildPhase;
			buildActionMask = 2147483647;
			files = (
			);
			runOnlyForDeploymentPostprocessing = 0;
		};
		117768EA27C4C49E0001B049 /* Resources */ = {
			isa = PBXResourcesBuildPhase;
			buildActionMask = 2147483647;
			files = (
			);
			runOnlyForDeploymentPostprocessing = 0;
		};
/* End PBXResourcesBuildPhase section */

/* Begin PBXSourcesBuildPhase section */
		117768CE27C4C49C0001B049 /* Sources */ = {
			isa = PBXSourcesBuildPhase;
			buildActionMask = 2147483647;
			files = (
				117768D827C4C49C0001B049 /* ContentView.swift in Sources */,
				117768D627C4C49C0001B049 /* Data_and_Time_Picker_UseofApp.swift in Sources */,
			);
			runOnlyForDeploymentPostprocessing = 0;
		};
		117768DE27C4C49E0001B049 /* Sources */ = {
			isa = PBXSourcesBuildPhase;
			buildActionMask = 2147483647;
			files = (
				117768E727C4C49E0001B049 /* Data_and_Time_Picker_UseofTests.swift in Sources */,
			);
			runOnlyForDeploymentPostprocessing = 0;
		};
		117768E827C4C49E0001B049 /* Sources */ = {
			isa = PBXSourcesBuildPhase;
			buildActionMask = 2147483647;
			files = (
				117768F327C4C49E0001B049 /* Data_and_Time_Picker_UseofUITestsLaunchTests.swift in Sources */,
				117768F127C4C49E0001B049 /* Data_and_Time_Picker_UseofUITests.swift in Sources */,
			);
			runOnlyForDeploymentPostprocessing = 0;
		};
/* End PBXSourcesBuildPhase section */

/* Begin PBXTargetDependency section */
		117768E427C4C49E0001B049 /* PBXTargetDependency */ = {
			isa = PBXTargetDependency;
			target = 117768D127C4C49C0001B049 /* Data and Time Picker Useof */;
			targetProxy = 117768E327C4C49E0001B049 /* PBXContainerItemProxy */;
		};
		117768EE27C4C49E0001B049 /* PBXTargetDependency */ = {
			isa = PBXTargetDependency;
			target = 117768D127C4C49C0001B049 /* Data and Time Picker Useof */;
			targetProxy = 117768ED27C4C49E0001B049 /* PBXContainerItemProxy */;
		};
/* End PBXTargetDependency section */

/* Begin XCBuildConfiguration section */
		117768F427C4C49E0001B049 /* Debug */ = {
			isa = XCBuildConfiguration;
			buildSettings = {
				ALWAYS_SEARCH_USER_PATHS = NO;
				CLANG_ANALYZER_NONNULL = YES;
				CLANG_ANALYZER_NUMBER_OBJECT_CONVERSION = YES_AGGRESSIVE;
				CLANG_CXX_LANGUAGE_STANDARD = "gnu++17";
				CLANG_CXX_LIBRARY = "libc++";
				CLANG_ENABLE_MODULES = YES;
				CLANG_ENABLE_OBJC_ARC = YES;
				CLANG_ENABLE_OBJC_WEAK = YES;
				CLANG_WARN_BLOCK_CAPTURE_AUTORELEASING = YES;
				CLANG_WARN_BOOL_CONVERSION = YES;
				CLANG_WARN_COMMA = YES;
				CLANG_WARN_CONSTANT_CONVERSION = YES;
				CLANG_WARN_DEPRECATED_OBJC_IMPLEMENTATIONS = YES;
				CLANG_WARN_DIRECT_OBJC_ISA_USAGE = YES_ERROR;
				CLANG_WARN_DOCUMENTATION_COMMENTS = YES;
				CLANG_WARN_EMPTY_BODY = YES;
				CLANG_WARN_ENUM_CONVERSION = YES;
				CLANG_WARN_INFINITE_RECURSION = YES;
				CLANG_WARN_INT_CONVERSION = YES;
				CLANG_WARN_NON_LITERAL_NULL_CONVERSION = YES;
				CLANG_WARN_OBJC_IMPLICIT_RETAIN_SELF = YES;
				CLANG_WARN_OBJC_LITERAL_CONVERSION = YES;
				CLANG_WARN_OBJC_ROOT_CLASS = YES_ERROR;
				CLANG_WARN_QUOTED_INCLUDE_IN_FRAMEWORK_HEADER = YES;
				CLANG_WARN_RANGE_LOOP_ANALYSIS = YES;
				CLANG_WARN_STRICT_PROTOTYPES = YES;
				CLANG_WARN_SUSPICIOUS_MOVE = YES;
				CLANG_WARN_UNGUARDED_AVAILABILITY = YES_AGGRESSIVE;
				CLANG_WARN_UNREACHABLE_CODE = YES;
				CLANG_WARN__DUPLICATE_METHOD_MATCH = YES;
				COPY_PHASE_STRIP = NO;
				DEBUG_INFORMATION_FORMAT = dwarf;
				ENABLE_STRICT_OBJC_MSGSEND = YES;
				ENABLE_TESTABILITY = YES;
				GCC_C_LANGUAGE_STANDARD = gnu11;
				GCC_DYNAMIC_NO_PIC = NO;
				GCC_NO_COMMON_BLOCKS = YES;
				GCC_OPTIMIZATION_LEVEL = 0;
				GCC_PREPROCESSOR_DEFINITIONS = (
					"DEBUG=1",
					"$(inherited)",
				);
				GCC_WARN_64_TO_32_BIT_CONVERSION = YES;
				GCC_WARN_ABOUT_RETURN_TYPE = YES_ERROR;
				GCC_WARN_UNDECLARED_SELECTOR = YES;
				GCC_WARN_UNINITIALIZED_AUTOS = YES_AGGRESSIVE;
				GCC_WARN_UNUSED_FUNCTION = YES;
				GCC_WARN_UNUSED_VARIABLE = YES;
				IPHONEOS_DEPLOYMENT_TARGET = 15.2;
				MTL_ENABLE_DEBUG_INFO = INCLUDE_SOURCE;
				MTL_FAST_MATH = YES;
				ONLY_ACTIVE_ARCH = YES;
				SDKROOT = iphoneos;
				SWIFT_ACTIVE_COMPILATION_CONDITIONS = DEBUG;
				SWIFT_OPTIMIZATION_LEVEL = "-Onone";
			};
			name = Debug;
		};
		117768F527C4C49E0001B049 /* Release */ = {
			isa = XCBuildConfiguration;
			buildSettings = {
				ALWAYS_SEARCH_USER_PATHS = NO;
				CLANG_ANALYZER_NONNULL = YES;
				CLANG_ANALYZER_NUMBER_OBJECT_CONVERSION = YES_AGGRESSIVE;
				CLANG_CXX_LANGUAGE_STANDARD = "gnu++17";
				CLANG_CXX_LIBRARY = "libc++";
				CLANG_ENABLE_MODULES = YES;
				CLANG_ENABLE_OBJC_ARC = YES;
				CLANG_ENABLE_OBJC_WEAK = YES;
				CLANG_WARN_BLOCK_CAPTURE_AUTORELEASING = YES;
				CLANG_WARN_BOOL_CONVERSION = YES;
				CLANG_WARN_COMMA = YES;
				CLANG_WARN_CONSTANT_CONVERSION = YES;
				CLANG_WARN_DEPRECATED_OBJC_IMPLEMENTATIONS = YES;
				CLANG_WARN_DIRECT_OBJC_ISA_USAGE = YES_ERROR;
				CLANG_WARN_DOCUMENTATION_COMMENTS = YES;
				CLANG_WARN_EMPTY_BODY = YES;
				CLANG_WARN_ENUM_CONVERSION = YES;
				CLANG_WARN_INFINITE_RECURSION = YES;
				CLANG_WARN_INT_CONVERSION = YES;
				CLANG_WARN_NON_LITERAL_NULL_CONVERSION = YES;
				CLANG_WARN_OBJC_IMPLICIT_RETAIN_SELF = YES;
				CLANG_WARN_OBJC_LITERAL_CONVERSION = YES;
				CLANG_WARN_OBJC_ROOT_CLASS = YES_ERROR;
				CLANG_WARN_QUOTED_INCLUDE_IN_FRAMEWORK_HEADER = YES;
				CLANG_WARN_RANGE_LOOP_ANALYSIS = YES;
				CLANG_WARN_STRICT_PROTOTYPES = YES;
				CLANG_WARN_SUSPICIOUS_MOVE = YES;
				CLANG_WARN_UNGUARDED_AVAILABILITY = YES_AGGRESSIVE;
				CLANG_WARN_UNREACHABLE_CODE = YES;
				CLANG_WARN__DUPLICATE_METHOD_MATCH = YES;
				COPY_PHASE_STRIP = NO;
				DEBUG_INFORMATION_FORMAT = "dwarf-with-dsym";
				ENABLE_NS_ASSERTIONS = NO;
				ENABLE_STRICT_OBJC_MSGSEND = YES;
				GCC_C_LANGUAGE_STANDARD = gnu11;
				GCC_NO_COMMON_BLOCKS = YES;
				GCC_WARN_64_TO_32_BIT_CONVERSION = YES;
				GCC_WARN_ABOUT_RETURN_TYPE = YES_ERROR;
				GCC_WARN_UNDECLARED_SELECTOR = YES;
				GCC_WARN_UNINITIALIZED_AUTOS = YES_AGGRESSIVE;
				GCC_WARN_UNUSED_FUNCTION = YES;
				GCC_WARN_UNUSED_VARIABLE = YES;
				IPHONEOS_DEPLOYMENT_TARGET = 15.2;
				MTL_ENABLE_DEBUG_INFO = NO;
				MTL_FAST_MATH = YES;
				SDKROOT = iphoneos;
				SWIFT_COMPILATION_MODE = wholemodule;
				SWIFT_OPTIMIZATION_LEVEL = "-O";
				VALIDATE_PRODUCT = YES;
			};
			name = Release;
		};
		117768F727C4C49E0001B049 /* Debug */ = {
			isa = XCBuildConfiguration;
			buildSettings = {
				ASSETCATALOG_COMPILER_APPICON_NAME = AppIcon;
				ASSETCATALOG_COMPILER_GLOBAL_ACCENT_COLOR_NAME = AccentColor;
				CODE_SIGN_STYLE = Automatic;
				CURRENT_PROJECT_VERSION = 1;
				DEVELOPMENT_ASSET_PATHS = "\"Data and Time Picker Useof/Preview Content\"";
				DEVELOPMENT_TEAM = 448H3S9AG3;
				ENABLE_PREVIEWS = YES;
				GENERATE_INFOPLIST_FILE = YES;
				INFOPLIST_KEY_UIApplicationSceneManifest_Generation = YES;
				INFOPLIST_KEY_UIApplicationSupportsIndirectInputEvents = YES;
				INFOPLIST_KEY_UILaunchScreen_Generation = YES;
				INFOPLIST_KEY_UISupportedInterfaceOrientations_iPad = "UIInterfaceOrientationPortrait UIInterfaceOrientationPortraitUpsideDown UIInterfaceOrientationLandscapeLeft UIInterfaceOrientationLandscapeRight";
				INFOPLIST_KEY_UISupportedInterfaceOrientations_iPhone = "UIInterfaceOrientationPortrait UIInterfaceOrientationLandscapeLeft UIInterfaceOrientationLandscapeRight";
				LD_RUNPATH_SEARCH_PATHS = (
					"$(inherited)",
					"@executable_path/Frameworks",
				);
				MARKETING_VERSION = 1.0;
				PRODUCT_BUNDLE_IDENTIFIER = "tunahan.Data-and-Time-Picker-Useof";
				PRODUCT_NAME = "$(TARGET_NAME)";
				SWIFT_EMIT_LOC_STRINGS = YES;
				SWIFT_VERSION = 5.0;
				TARGETED_DEVICE_FAMILY = "1,2";
			};
			name = Debug;
		};
		117768F827C4C49E0001B049 /* Release */ = {
			isa = XCBuildConfiguration;
			buildSettings = {
				ASSETCATALOG_COMPILER_APPICON_NAME = AppIcon;
				ASSETCATALOG_COMPILER_GLOBAL_ACCENT_COLOR_NAME = AccentColor;
				CODE_SIGN_STYLE = Automatic;
				CURRENT_PROJECT_VERSION = 1;
				DEVELOPMENT_ASSET_PATHS = "\"Data and Time Picker Useof/Preview Content\"";
				DEVELOPMENT_TEAM = 448H3S9AG3;
				ENABLE_PREVIEWS = YES;
				GENERATE_INFOPLIST_FILE = YES;
				INFOPLIST_KEY_UIApplicationSceneManifest_Generation = YES;
				INFOPLIST_KEY_UIApplicationSupportsIndirectInputEvents = YES;
				INFOPLIST_KEY_UILaunchScreen_Generation = YES;
				INFOPLIST_KEY_UISupportedInterfaceOrientations_iPad = "UIInterfaceOrientationPortrait UIInterfaceOrientationPortraitUpsideDown UIInterfaceOrientationLandscapeLeft UIInterfaceOrientationLandscapeRight";
				INFOPLIST_KEY_UISupportedInterfaceOrientations_iPhone = "UIInterfaceOrientationPortrait UIInterfaceOrientationLandscapeLeft UIInterfaceOrientationLandscapeRight";
				LD_RUNPATH_SEARCH_PATHS = (
					"$(inherited)",
					"@executable_path/Frameworks",
				);
				MARKETING_VERSION = 1.0;
				PRODUCT_BUNDLE_IDENTIFIER = "tunahan.Data-and-Time-Picker-Useof";
				PRODUCT_NAME = "$(TARGET_NAME)";
				SWIFT_EMIT_LOC_STRINGS = YES;
				SWIFT_VERSION = 5.0;
				TARGETED_DEVICE_FAMILY = "1,2";
			};
			name = Release;
		};
		117768FA27C4C49E0001B049 /* Debug */ = {
			isa = XCBuildConfiguration;
			buildSettings = {
				ALWAYS_EMBED_SWIFT_STANDARD_LIBRARIES = YES;
				BUNDLE_LOADER = "$(TEST_HOST)";
				CODE_SIGN_STYLE = Automatic;
				CURRENT_PROJECT_VERSION = 1;
				DEVELOPMENT_TEAM = 448H3S9AG3;
				GENERATE_INFOPLIST_FILE = YES;
				IPHONEOS_DEPLOYMENT_TARGET = 15.2;
				MARKETING_VERSION = 1.0;
				PRODUCT_BUNDLE_IDENTIFIER = "tunahan.Data-and-Time-Picker-UseofTests";
				PRODUCT_NAME = "$(TARGET_NAME)";
				SWIFT_EMIT_LOC_STRINGS = NO;
				SWIFT_VERSION = 5.0;
				TARGETED_DEVICE_FAMILY = "1,2";
				TEST_HOST = "$(BUILT_PRODUCTS_DIR)/Data and Time Picker Useof.app/Data and Time Picker Useof";
			};
			name = Debug;
		};
		117768FB27C4C49E0001B049 /* Release */ = {
			isa = XCBuildConfiguration;
			buildSettings = {
				ALWAYS_EMBED_SWIFT_STANDARD_LIBRARIES = YES;
				BUNDLE_LOADER = "$(TEST_HOST)";
				CODE_SIGN_STYLE = Automatic;
				CURRENT_PROJECT_VERSION = 1;
				DEVELOPMENT_TEAM = 448H3S9AG3;
				GENERATE_INFOPLIST_FILE = YES;
				IPHONEOS_DEPLOYMENT_TARGET = 15.2;
				MARKETING_VERSION = 1.0;
				PRODUCT_BUNDLE_IDENTIFIER = "tunahan.Data-and-Time-Picker-UseofTests";
				PRODUCT_NAME = "$(TARGET_NAME)";
				SWIFT_EMIT_LOC_STRINGS = NO;
				SWIFT_VERSION = 5.0;
				TARGETED_DEVICE_FAMILY = "1,2";
				TEST_HOST = "$(BUILT_PRODUCTS_DIR)/Data and Time Picker Useof.app/Data and Time Picker Useof";
			};
			name = Release;
		};
		117768FD27C4C49E0001B049 /* Debug */ = {
			isa = XCBuildConfiguration;
			buildSettings = {
				ALWAYS_EMBED_SWIFT_STANDARD_LIBRARIES = YES;
				CODE_SIGN_STYLE = Automatic;
				CURRENT_PROJECT_VERSION = 1;
				DEVELOPMENT_TEAM = 448H3S9AG3;
				GENERATE_INFOPLIST_FILE = YES;
				MARKETING_VERSION = 1.0;
				PRODUCT_BUNDLE_IDENTIFIER = "tunahan.Data-and-Time-Picker-UseofUITests";
				PRODUCT_NAME = "$(TARGET_NAME)";
				SWIFT_EMIT_LOC_STRINGS = NO;
				SWIFT_VERSION = 5.0;
				TARGETED_DEVICE_FAMILY = "1,2";
				TEST_TARGET_NAME = "Data and Time Picker Useof";
			};
			name = Debug;
		};
		117768FE27C4C49E0001B049 /* Release */ = {
			isa = XCBuildConfiguration;
			buildSettings = {
				ALWAYS_EMBED_SWIFT_STANDARD_LIBRARIES = YES;
				CODE_SIGN_STYLE = Automatic;
				CURRENT_PROJECT_VERSION = 1;
				DEVELOPMENT_TEAM = 448H3S9AG3;
				GENERATE_INFOPLIST_FILE = YES;
				MARKETING_VERSION = 1.0;
				PRODUCT_BUNDLE_IDENTIFIER = "tunahan.Data-and-Time-Picker-UseofUITests";
				PRODUCT_NAME = "$(TARGET_NAME)";
				SWIFT_EMIT_LOC_STRINGS = NO;
				SWIFT_VERSION = 5.0;
				TARGETED_DEVICE_FAMILY = "1,2";
				TEST_TARGET_NAME = "Data and Time Picker Useof";
			};
			name = Release;
		};
/* End XCBuildConfiguration section */

/* Begin XCConfigurationList section */
		117768CD27C4C49C0001B049 /* Build configuration list for PBXProject "Data and Time Picker Useof" */ = {
			isa = XCConfigurationList;
			buildConfigurations = (
				117768F427C4C49E0001B049 /* Debug */,
				117768F527C4C49E0001B049 /* Release */,
			);
			defaultConfigurationIsVisible = 0;
			defaultConfigurationName = Release;
		};
		117768F627C4C49E0001B049 /* Build configuration list for PBXNativeTarget "Data and Time Picker Useof" */ = {
			isa = XCConfigurationList;
			buildConfigurations = (
				117768F727C4C49E0001B049 /* Debug */,
				117768F827C4C49E0001B049 /* Release */,
			);
			defaultConfigurationIsVisible = 0;
			defaultConfigurationName = Release;
		};
		117768F927C4C49E0001B049 /* Build configuration list for PBXNativeTarget "Data and Time Picker UseofTests" */ = {
			isa = XCConfigurationList;
			buildConfigurations = (
				117768FA27C4C49E0001B049 /* Debug */,
				117768FB27C4C49E0001B049 /* Release */,
			);
			defaultConfigurationIsVisible = 0;
			defaultConfigurationName = Release;
		};
		117768FC27C4C49E0001B049 /* Build configuration list for PBXNativeTarget "Data and Time Picker UseofUITests" */ = {
			isa = XCConfigurationList;
			buildConfigurations = (
				117768FD27C4C49E0001B049 /* Debug */,
				117768FE27C4C49E0001B049 /* Release */,
			);
			defaultConfigurationIsVisible = 0;
			defaultConfigurationName = Release;
		};
/* End XCConfigurationList section */
	};
	rootObject = 117768CA27C4C49C0001B049 /* Project object */;
}
